
Microsoft Visual Studio Solution File, Format Version 12.00
# Visual Studio Version 17
VisualStudioVersion = 17.13.35913.81
MinimumVisualStudioVersion = 10.0.40219.1
Project("{2150E333-8FDC-42A3-9474-1A3956D46DE8}") = "test", "test", "{02EA681E-C7D8-13C7-8484-4AC65E1B71E8}"
EndProject
Project("{2150E333-8FDC-42A3-9474-1A3956D46DE8}") = "src", "src", "{06E6421E-9CC7-4D61-A415-003F20764ECE}"
EndProject
Project("{2150E333-8FDC-42A3-9474-1A3956D46DE8}") = "API", "API", "{EBB31678-A93B-4314-A20B-2AE0AAF4CD81}"
EndProject
Project("{2150E333-8FDC-42A3-9474-1A3956D46DE8}") = "Core", "Core", "{ADAC2DE3-B523-4A62-8FC6-F20854F9B590}"
EndProject
Project("{2150E333-8FDC-42A3-9474-1A3956D46DE8}") = "Infrastructure", "Infrastructure", "{7C1BD4F4-4C80-494F-AF64-49A661CC4029}"
EndProject
Project("{2150E333-8FDC-42A3-9474-1A3956D46DE8}") = "UI", "UI", "{036034F4-6F98-4EE0-A571-5E5EB9692740}"
EndProject
Project("{FAE04EC0-301F-11D3-BF4B-00C04F79EFBC}") = "HRLeaveManagement.Domain", "HRLeaveManagement.Domain\HRLeaveManagement.Domain.csproj", "{AC7978CB-E519-4D56-BA50-EC980FB81235}"
EndProject
Project("{FAE04EC0-301F-11D3-BF4B-00C04F79EFBC}") = "HRLeaveManagement.Application", "HRLeaveManagement.Application\HRLeaveManagement.Application.csproj", "{52F4C20B-60CC-4906-81D6-50619654C9F3}"
EndProject
Project("{FAE04EC0-301F-11D3-BF4B-00C04F79EFBC}") = "HR.LeaveManagement.Persistence", "HR.LeaveManagement.Infrastructure\HR.LeaveManagement.Persistence.csproj", "{5DB12F5A-DA63-448B-A105-F73352757D2F}"
EndProject
Project("{FAE04EC0-301F-11D3-BF4B-00C04F79EFBC}") = "HR.leaveManagement.infrastructures", "HR.leaveManagement.infrastructures\HR.leaveManagement.infrastructures.csproj", "{F6377D39-57C6-4F2B-B9EC-8E651A05EBED}"
EndProject
Project("{FAE04EC0-301F-11D3-BF4B-00C04F79EFBC}") = "HR.leaveManagement.API", "HR.leaveManagement.API\HR.leaveManagement.API.csproj", "{460AC29E-321F-4701-99C6-438752F3BE2C}"
EndProject
Project("{FAE04EC0-301F-11D3-BF4B-00C04F79EFBC}") = "HR.LeaveManagement.MVC", "HR.LeaveManagement.MVC\HR.LeaveManagement.MVC.csproj", "{982FD10A-E667-4DA0-A725-E8DC5A8CEB3E}"
EndProject
Global
	GlobalSection(SolutionConfigurationPlatforms) = preSolution
		Debug|Any CPU = Debug|Any CPU
		Release|Any CPU = Release|Any CPU
	EndGlobalSection
	GlobalSection(ProjectConfigurationPlatforms) = postSolution
		{AC7978CB-E519-4D56-BA50-EC980FB81235}.Debug|Any CPU.ActiveCfg = Debug|Any CPU
		{AC7978CB-E519-4D56-BA50-EC980FB81235}.Debug|Any CPU.Build.0 = Debug|Any CPU
		{AC7978CB-E519-4D56-BA50-EC980FB81235}.Release|Any CPU.ActiveCfg = Release|Any CPU
		{AC7978CB-E519-4D56-BA50-EC980FB81235}.Release|Any CPU.Build.0 = Release|Any CPU
		{52F4C20B-60CC-4906-81D6-50619654C9F3}.Debug|Any CPU.ActiveCfg = Debug|Any CPU
		{52F4C20B-60CC-4906-81D6-50619654C9F3}.Debug|Any CPU.Build.0 = Debug|Any CPU
		{52F4C20B-60CC-4906-81D6-50619654C9F3}.Release|Any CPU.ActiveCfg = Release|Any CPU
		{52F4C20B-60CC-4906-81D6-50619654C9F3}.Release|Any CPU.Build.0 = Release|Any CPU
		{5DB12F5A-DA63-448B-A105-F73352757D2F}.Debug|Any CPU.ActiveCfg = Debug|Any CPU
		{5DB12F5A-DA63-448B-A105-F73352757D2F}.Debug|Any CPU.Build.0 = Debug|Any CPU
		{5DB12F5A-DA63-448B-A105-F73352757D2F}.Release|Any CPU.ActiveCfg = Release|Any CPU
		{5DB12F5A-DA63-448B-A105-F73352757D2F}.Release|Any CPU.Build.0 = Release|Any CPU
		{F6377D39-57C6-4F2B-B9EC-8E651A05EBED}.Debug|Any CPU.ActiveCfg = Debug|Any CPU
		{F6377D39-57C6-4F2B-B9EC-8E651A05EBED}.Debug|Any CPU.Build.0 = Debug|Any CPU
		{F6377D39-57C6-4F2B-B9EC-8E651A05EBED}.Release|Any CPU.ActiveCfg = Release|Any CPU
		{F6377D39-57C6-4F2B-B9EC-8E651A05EBED}.Release|Any CPU.Build.0 = Release|Any CPU
		{460AC29E-321F-4701-99C6-438752F3BE2C}.Debug|Any CPU.ActiveCfg = Debug|Any CPU
		{460AC29E-321F-4701-99C6-438752F3BE2C}.Debug|Any CPU.Build.0 = Debug|Any CPU
		{460AC29E-321F-4701-99C6-438752F3BE2C}.Release|Any CPU.ActiveCfg = Release|Any CPU
		{460AC29E-321F-4701-99C6-438752F3BE2C}.Release|Any CPU.Build.0 = Release|Any CPU
		{982FD10A-E667-4DA0-A725-E8DC5A8CEB3E}.Debug|Any CPU.ActiveCfg = Debug|Any CPU
		{982FD10A-E667-4DA0-A725-E8DC5A8CEB3E}.Debug|Any CPU.Build.0 = Debug|Any CPU
		{982FD10A-E667-4DA0-A725-E8DC5A8CEB3E}.Release|Any CPU.ActiveCfg = Release|Any CPU
		{982FD10A-E667-4DA0-A725-E8DC5A8CEB3E}.Release|Any CPU.Build.0 = Release|Any CPU
	EndGlobalSection
	GlobalSection(SolutionProperties) = preSolution
		HideSolutionNode = FALSE
	EndGlobalSection
	GlobalSection(NestedProjects) = preSolution
		{EBB31678-A93B-4314-A20B-2AE0AAF4CD81} = {06E6421E-9CC7-4D61-A415-003F20764ECE}
		{ADAC2DE3-B523-4A62-8FC6-F20854F9B590} = {06E6421E-9CC7-4D61-A415-003F20764ECE}
		{7C1BD4F4-4C80-494F-AF64-49A661CC4029} = {06E6421E-9CC7-4D61-A415-003F20764ECE}
		{036034F4-6F98-4EE0-A571-5E5EB9692740} = {06E6421E-9CC7-4D61-A415-003F20764ECE}
		{AC7978CB-E519-4D56-BA50-EC980FB81235} = {ADAC2DE3-B523-4A62-8FC6-F20854F9B590}
		{52F4C20B-60CC-4906-81D6-50619654C9F3} = {ADAC2DE3-B523-4A62-8FC6-F20854F9B590}
		{5DB12F5A-DA63-448B-A105-F73352757D2F} = {7C1BD4F4-4C80-494F-AF64-49A661CC4029}
		{F6377D39-57C6-4F2B-B9EC-8E651A05EBED} = {7C1BD4F4-4C80-494F-AF64-49A661CC4029}
		{460AC29E-321F-4701-99C6-438752F3BE2C} = {EBB31678-A93B-4314-A20B-2AE0AAF4CD81}
		{982FD10A-E667-4DA0-A725-E8DC5A8CEB3E} = {036034F4-6F98-4EE0-A571-5E5EB9692740}
	EndGlobalSection
	GlobalSection(ExtensibilityGlobals) = postSolution
		SolutionGuid = {7774CFAE-C15E-4D08-9F33-6F0EB6DD50ED}
	EndGlobalSection
EndGlobal
